{
  "version": 4,
  "terraform_version": "0.15.5",
  "serial": 5,
  "lineage": "3597f4d0-e353-887c-d10d-417863023f49",
  "outputs": {
    "external_ip_address_node01_yandex_cloud": {
      "value": "51.250.71.6",
      "type": "string"
    },
    "internal_ip_address_node01_yandex_cloud": {
      "value": "192.168.101.32",
      "type": "string"
    }
  },
  "resources": [
    {
      "mode": "managed",
      "type": "yandex_compute_instance",
      "name": "node01",
      "provider": "provider[\"registry.terraform.io/yandex-cloud/yandex\"]",
      "instances": [
        {
          "schema_version": 1,
          "attributes": {
            "allow_stopping_for_update": true,
            "boot_disk": [
              {
                "auto_delete": true,
                "device_name": "fhm4e0t97usmqk000849",
                "disk_id": "fhm4e0t97usmqk000849",
                "initialize_params": [
                  {
                    "block_size": 4096,
                    "description": "",
                    "image_id": "fd8v3qmm14ttn48keuch",
                    "name": "root-node01",
                    "size": 50,
                    "snapshot_id": "",
                    "type": "network-ssd"
                  }
                ],
                "mode": "READ_WRITE"
              }
            ],
            "created_at": "2022-04-14T12:33:37Z",
            "description": "",
            "folder_id": "b1g2v6j97gvmcsq8m3nv",
            "fqdn": "node01.netology.cloud",
            "hostname": "node01",
            "id": "fhmdnrku6fnhgb49lv3l",
            "labels": null,
            "metadata": {
              "ssh-keys": "centos:ssh-rsa AAAAB3NzaC1yc2EAAAADAQABAAABgQDKAR6SpkH/OOPg1aCMFWGHEPZiaHrOnIWdQ1MQ84tjzQN6DGbtvKyetGmskXhcDwU3bs72/X6lUKFDml1/6s6fnaR20xP/+thZqSRjZAUitAf9b8TKVEL181yjvVOXaxWmfMWdRllIaMLz8RDoMOkKP1KTlgly7psMqrUd+nOnbp8bIBh7S7buwANkz9AP2vW2c7JD4Kz5xF7aRmCEuvWndNx/8j0oIZp8KGiwoF6M1b4Ttr5KqVThjj7CMaZZKcbJUqP/PFWCckO9SAffrbr016ZLw8hkyEAMfH0qMQsvllpsM/FJy09ReFVuKKqjENgV4SvmK1czajQ5hcHlliOYfCozMuC4cwzh3mNUyfr7eEeancqsfpTzrL8Uwf54Mq4DOiJsbX9c/MB447DvJCxWSz0S6iTfUbgmUk8E8Eqj6CA8k6OLMbDd5hMdeZ27pcvQsBhrve2nuBor8SG3IJQWVxd8HuvLdeNWarrpSGhU365kPZ8RoFek7hNjkyq7g+U= dmitriynenashev@MacBook-Pro-Dmitriy-2.local\n"
            },
            "name": "node01",
            "network_acceleration_type": "standard",
            "network_interface": [
              {
                "dns_record": [],
                "index": 0,
                "ip_address": "192.168.101.32",
                "ipv4": true,
                "ipv6": false,
                "ipv6_address": "",
                "ipv6_dns_record": [],
                "mac_address": "d0:0d:db:ee:9e:33",
                "nat": true,
                "nat_dns_record": [],
                "nat_ip_address": "51.250.71.6",
                "nat_ip_version": "IPV4",
                "security_group_ids": [],
                "subnet_id": "e9bq27uohgutjqchvcou"
              }
            ],
            "placement_policy": [
              {
                "host_affinity_rules": [],
                "placement_group_id": ""
              }
            ],
            "platform_id": "standard-v1",
            "resources": [
              {
                "core_fraction": 100,
                "cores": 8,
                "gpus": 0,
                "memory": 8
              }
            ],
            "scheduling_policy": [
              {
                "preemptible": false
              }
            ],
            "secondary_disk": [],
            "service_account_id": "",
            "status": "running",
            "timeouts": null,
            "zone": "ru-central1-a"
          },
          "sensitive_attributes": [],
          "private": "eyJlMmJmYjczMC1lY2FhLTExZTYtOGY4OC0zNDM2M2JjN2M0YzAiOnsiY3JlYXRlIjozMDAwMDAwMDAwMDAsImRlbGV0ZSI6MzAwMDAwMDAwMDAwLCJ1cGRhdGUiOjMwMDAwMDAwMDAwMH0sInNjaGVtYV92ZXJzaW9uIjoiMSJ9",
          "dependencies": [
            "yandex_vpc_network.default",
            "yandex_vpc_subnet.default"
          ]
        }
      ]
    },
    {
      "mode": "managed",
      "type": "yandex_vpc_network",
      "name": "default",
      "provider": "provider[\"registry.terraform.io/yandex-cloud/yandex\"]",
      "instances": [
        {
          "schema_version": 0,
          "attributes": {
            "created_at": "2022-04-14T12:33:35Z",
            "default_security_group_id": "",
            "description": "",
            "folder_id": "b1g2v6j97gvmcsq8m3nv",
            "id": "enpqctql3t9gnm3t4ier",
            "labels": {},
            "name": "net",
            "subnet_ids": [],
            "timeouts": null
          },
          "sensitive_attributes": [],
          "private": "eyJlMmJmYjczMC1lY2FhLTExZTYtOGY4OC0zNDM2M2JjN2M0YzAiOnsiY3JlYXRlIjo2MDAwMDAwMDAwMCwiZGVsZXRlIjo2MDAwMDAwMDAwMCwidXBkYXRlIjo2MDAwMDAwMDAwMH19"
        }
      ]
    },
    {
      "mode": "managed",
      "type": "yandex_vpc_subnet",
      "name": "default",
      "provider": "provider[\"registry.terraform.io/yandex-cloud/yandex\"]",
      "instances": [
        {
          "schema_version": 0,
          "attributes": {
            "created_at": "2022-04-14T12:33:36Z",
            "description": "",
            "dhcp_options": [],
            "folder_id": "b1g2v6j97gvmcsq8m3nv",
            "id": "e9bq27uohgutjqchvcou",
            "labels": {},
            "name": "subnet",
            "network_id": "enpqctql3t9gnm3t4ier",
            "route_table_id": "",
            "timeouts": null,
            "v4_cidr_blocks": [
              "192.168.101.0/24"
            ],
            "v6_cidr_blocks": [],
            "zone": "ru-central1-a"
          },
          "sensitive_attributes": [],
          "private": "eyJlMmJmYjczMC1lY2FhLTExZTYtOGY4OC0zNDM2M2JjN2M0YzAiOnsiY3JlYXRlIjoxODAwMDAwMDAwMDAsImRlbGV0ZSI6MTgwMDAwMDAwMDAwLCJ1cGRhdGUiOjE4MDAwMDAwMDAwMH19",
          "dependencies": [
            "yandex_vpc_network.default"
          ]
        }
      ]
    }
  ]
}
